
Microsoft Visual Studio Solution File, Format Version 12.00
# Visual Studio Version 16
VisualStudioVersion = 16.0.30330.147
MinimumVisualStudioVersion = 10.0.40219.1
Project("{FAE04EC0-301F-11D3-BF4B-00C04F79EFBC}") = "RasmusDohm.WPFGaming", "RasmusDohm.WPFGaming\RasmusDohm.WPFGaming.csproj", "{4D5307BC-FEF3-4472-8F36-CA2E4D91AA77}"
EndProject
Global
	GlobalSection(SolutionConfigurationPlatforms) = preSolution
		Debug|Any CPU = Debug|Any CPU
		Release|Any CPU = Release|Any CPU
	EndGlobalSection
	GlobalSection(ProjectConfigurationPlatforms) = postSolution
		{4D5307BC-FEF3-4472-8F36-CA2E4D91AA77}.Debug|Any CPU.ActiveCfg = Debug|Any CPU
		{4D5307BC-FEF3-4472-8F36-CA2E4D91AA77}.Debug|Any CPU.Build.0 = Debug|Any CPU
		{4D5307BC-FEF3-4472-8F36-CA2E4D91AA77}.Release|Any CPU.ActiveCfg = Release|Any CPU
		{4D5307BC-FEF3-4472-8F36-CA2E4D91AA77}.Release|Any CPU.Build.0 = Release|Any CPU
	EndGlobalSection
	GlobalSection(SolutionProperties) = preSolution
		HideSolutionNode = FALSE
	EndGlobalSection
	GlobalSection(ExtensibilityGlobals) = postSolution
		SolutionGuid = {5746D450-1858-4244-8FD5-E3AA0B646EB4}
	EndGlobalSection
EndGlobal
